lockfileVersion: '9.0'

settings:
  autoInstallPeers: true
  excludeLinksFromLockfile: false

importers:

  .:
    devDependencies:
      typescript:
        specifier: ^5.4.5
        version: 5.5.3

  packages/@acme/lib: {}

  packages/@acme/tests:
    dependencies:
      '@acme/lib':
        specifier: workspace:*
        version: link:../lib
    devDependencies:
      '@playwright/test':
        specifier: 1.45.2
        version: 1.45.2

packages:

  '@playwright/test@1.45.2':
    resolution: {integrity: sha512-JxG9eq92ET75EbVi3s+4sYbcG7q72ECeZNbdBlaMkGcNbiDQ4cAi8U2QP5oKkOx+1gpaiL1LDStmzCaEM1Z6fQ==}
    engines: {node: '>=18'}
    hasBin: true

  fsevents@2.3.2:
    resolution: {integrity: sha512-xiqMQR4xAeHTuB9uWm+fFRcIOgKBMiOBP+eXiyT7jsgVCq1bkVygt00oASowB7EdtpOHaaPgKt812P9ab+DDKA==}
    engines: {node: ^8.16.0 || ^10.6.0 || >=11.0.0}
    os: [darwin]

  playwright-core@1.45.2:
    resolution: {integrity: sha512-ha175tAWb0dTK0X4orvBIqi3jGEt701SMxMhyujxNrgd8K0Uy5wMSwwcQHtyB4om7INUkfndx02XnQ2p6dvLDw==}
    engines: {node: '>=18'}
    hasBin: true

  playwright@1.45.2:
    resolution: {integrity: sha512-ReywF2t/0teRvNBpfIgh5e4wnrI/8Su8ssdo5XsQKpjxJj+jspm00jSoz9BTg91TT0c9HRjXO7LBNVrgYj9X0g==}
    engines: {node: '>=18'}
    hasBin: true

  typescript@5.5.3:
    resolution: {integrity: sha512-/hreyEujaB0w76zKo6717l3L0o/qEUtRgdvUBvlkhoWeOVMjMuHNHk0BRBzikzuGDqNmPQbg5ifMEqsHLiIUcQ==}
    engines: {node: '>=14.17'}
    hasBin: true

snapshots:

  '@playwright/test@1.45.2':
    dependencies:
      playwright: 1.45.2

  fsevents@2.3.2:
    optional: true

  playwright-core@1.45.2: {}

  playwright@1.45.2:
    dependencies:
      playwright-core: 1.45.2
    optionalDependencies:
      fsevents: 2.3.2

  typescript@5.5.3: {}
